{
  "name": "wiki-search",
  "version": "1.0.0",
  "lockfileVersion": 1,
  "requires": true,
  "dependencies": {
    "@now/node": {
      "version": "1.3.5",
      "resolved": "https://registry.npmjs.org/@now/node/-/node-1.3.5.tgz",
      "integrity": "sha512-xe8rAYVet8Lnb/5ZkXjGQY82jYbwbZdK/f2whY+xXMZWpQAn17c9NlsE+/NOcv/fUmdCzzS6YYcPdW59FYzgVw==",
      "dev": true,
      "requires": {
        "@types/node": "*"
      }
    },
    "@slack/logger": {
      "version": "2.0.0",
      "resolved": "https://registry.npmjs.org/@slack/logger/-/logger-2.0.0.tgz",
      "integrity": "sha512-OkIJpiU2fz6HOJujhlhfIGrc8hB4ibqtf7nnbJQDerG0BqwZCfmgtK5sWzZ0TkXVRBKD5MpLrTmCYyMxoMCgPw==",
      "requires": {
        "@types/node": ">=8.9.0"
      }
    },
    "@slack/types": {
      "version": "1.3.0",
      "resolved": "https://registry.npmjs.org/@slack/types/-/types-1.3.0.tgz",
      "integrity": "sha512-3AjHsDJjJKT3q0hQzFHQN7piYIh99LuN7Po56W/R6P/uscqZqwS5xm1U1cTYGIzk8fmsuW7TvWVg0W85hKY/MQ=="
    },
    "@slack/web-api": {
      "version": "5.7.0",
      "resolved": "https://registry.npmjs.org/@slack/web-api/-/web-api-5.7.0.tgz",
      "integrity": "sha512-n3c2S5+fvRJV/FYhdZXPuMrRhnEdF5yPhSXK9ph4xJezNzMbb4OWymrMz7+XVf4qOz30HxN9A6ktV98stOBrhw==",
      "requires": {
        "@slack/logger": ">=1.0.0 <3.0.0",
        "@slack/types": "^1.2.1",
        "@types/is-stream": "^1.1.0",
        "@types/node": ">=8.9.0",
        "@types/p-queue": "^2.3.2",
        "axios": "^0.18.0",
        "eventemitter3": "^3.1.0",
        "form-data": "^2.5.0",
        "is-stream": "^1.1.0",
        "p-queue": "^2.4.2",
        "p-retry": "^4.0.0"
      }
    },
    "@types/algoliasearch": {
      "version": "3.34.9",
      "resolved": "https://registry.npmjs.org/@types/algoliasearch/-/algoliasearch-3.34.9.tgz",
      "integrity": "sha512-cXCJh6g/gpYCBmwzDaEtne4AIlckI3wZNzI2YfTZCWruZNhk0U7DX7mip5VlzzpHMSZ3r1AAWjQLqXxXjZiAJw==",
      "dev": true
    },
    "@types/is-stream": {
      "version": "1.1.0",
      "resolved": "https://registry.npmjs.org/@types/is-stream/-/is-stream-1.1.0.tgz",
      "integrity": "sha512-jkZatu4QVbR60mpIzjINmtS1ZF4a/FqdTUTBeQDVOQ2PYyidtwFKr0B5G6ERukKwliq+7mIXvxyppwzG5EgRYg==",
      "requires": {
        "@types/node": "*"
      }
    },
    "@types/node": {
      "version": "13.1.8",
      "resolved": "https://registry.npmjs.org/@types/node/-/node-13.1.8.tgz",
      "integrity": "sha512-6XzyyNM9EKQW4HKuzbo/CkOIjn/evtCmsU+MUM1xDfJ+3/rNjBttM1NgN7AOQvN6tP1Sl1D1PIKMreTArnxM9A=="
    },
    "@types/p-queue": {
      "version": "2.3.2",
      "resolved": "https://registry.npmjs.org/@types/p-queue/-/p-queue-2.3.2.tgz",
      "integrity": "sha512-eKAv5Ql6k78dh3ULCsSBxX6bFNuGjTmof5Q/T6PiECDq0Yf8IIn46jCyp3RJvCi8owaEmm3DZH1PEImjBMd/vQ=="
    },
    "@types/qs": {
      "version": "6.9.0",
      "resolved": "https://registry.npmjs.org/@types/qs/-/qs-6.9.0.tgz",
      "integrity": "sha512-c4zji5CjWv1tJxIZkz1oUtGcdOlsH3aza28Nqmm+uNDWBRHoMsjooBEN4czZp1V3iXPihE/VRUOBqg+4Xq0W4g==",
      "dev": true
    },
    "@types/retry": {
      "version": "0.12.0",
      "resolved": "https://registry.npmjs.org/@types/retry/-/retry-0.12.0.tgz",
      "integrity": "sha512-wWKOClTTiizcZhXnPY4wikVAwmdYHp8q6DmC+EJUzAMsycb7HB32Kh9RN4+0gExjmPmZSAQjgURXIGATPegAvA=="
    },
    "agentkeepalive": {
      "version": "2.2.0",
      "resolved": "https://registry.npmjs.org/agentkeepalive/-/agentkeepalive-2.2.0.tgz",
      "integrity": "sha1-xdG9SxKQCPEWPyNvhuX66iAm4u8="
    },
    "algoliasearch": {
      "version": "3.35.1",
      "resolved": "https://registry.npmjs.org/algoliasearch/-/algoliasearch-3.35.1.tgz",
      "integrity": "sha512-K4yKVhaHkXfJ/xcUnil04xiSrB8B8yHZoFEhWNpXg23eiCnqvTZw1tn/SqvdsANlYHLJlKl0qi3I/Q2Sqo7LwQ==",
      "requires": {
        "agentkeepalive": "^2.2.0",
        "debug": "^2.6.9",
        "envify": "^4.0.0",
        "es6-promise": "^4.1.0",
        "events": "^1.1.0",
        "foreach": "^2.0.5",
        "global": "^4.3.2",
        "inherits": "^2.0.1",
        "isarray": "^2.0.1",
        "load-script": "^1.0.0",
        "object-keys": "^1.0.11",
        "querystring-es3": "^0.2.1",
        "reduce": "^1.0.1",
        "semver": "^5.1.0",
        "tunnel-agent": "^0.6.0"
      }
    },
    "asynckit": {
      "version": "0.4.0",
      "resolved": "https://registry.npmjs.org/asynckit/-/asynckit-0.4.0.tgz",
      "integrity": "sha1-x57Zf380y48robyXkLzDZkdLS3k="
    },
    "axios": {
      "version": "0.18.1",
      "resolved": "https://registry.npmjs.org/axios/-/axios-0.18.1.tgz",
      "integrity": "sha512-0BfJq4NSfQXd+SkFdrvFbG7addhYSBA2mQwISr46pD6E5iqkWg02RAs8vyTT/j0RTnoYmeXauBuSv1qKwR179g==",
      "requires": {
        "follow-redirects": "1.5.10",
        "is-buffer": "^2.0.2"
      }
    },
    "combined-stream": {
      "version": "1.0.8",
      "resolved": "https://registry.npmjs.org/combined-stream/-/combined-stream-1.0.8.tgz",
      "integrity": "sha512-FQN4MRfuJeHf7cBbBMJFXhKSDq+2kAArBlmRBvcvFE5BB1HZKXtSFASDhdlz9zOYwxh8lDdnvmMOe/+5cdoEdg==",
      "requires": {
        "delayed-stream": "~1.0.0"
      }
    },
    "debug": {
      "version": "2.6.9",
      "resolved": "https://registry.npmjs.org/debug/-/debug-2.6.9.tgz",
      "integrity": "sha512-bC7ElrdJaJnPbAP+1EotYvqZsb3ecl5wi6Bfi6BJTUcNowp6cvspg0jXznRTKDjm/E7AdgFBVeAPVMNcKGsHMA==",
      "requires": {
        "ms": "2.0.0"
      }
    },
    "delayed-stream": {
      "version": "1.0.0",
      "resolved": "https://registry.npmjs.org/delayed-stream/-/delayed-stream-1.0.0.tgz",
      "integrity": "sha1-3zrhmayt+31ECqrgsp4icrJOxhk="
    },
    "dom-walk": {
      "version": "0.1.1",
      "resolved": "https://registry.npmjs.org/dom-walk/-/dom-walk-0.1.1.tgz",
      "integrity": "sha1-ZyIm3HTI95mtNTB9+TaroRrNYBg="
    },
    "envify": {
      "version": "4.1.0",
      "resolved": "https://registry.npmjs.org/envify/-/envify-4.1.0.tgz",
      "integrity": "sha512-IKRVVoAYr4pIx4yIWNsz9mOsboxlNXiu7TNBnem/K/uTHdkyzXWDzHCK7UTolqBbgaBz0tQHsD3YNls0uIIjiw==",
      "requires": {
        "esprima": "^4.0.0",
        "through": "~2.3.4"
      }
    },
    "es6-promise": {
      "version": "4.2.8",
      "resolved": "https://registry.npmjs.org/es6-promise/-/es6-promise-4.2.8.tgz",
      "integrity": "sha512-HJDGx5daxeIvxdBxvG2cb9g4tEvwIk3i8+nhX0yGrYmZUzbkdg8QbDevheDB8gd0//uPj4c1EQua8Q+MViT0/w=="
    },
    "esprima": {
      "version": "4.0.1",
      "resolved": "https://registry.npmjs.org/esprima/-/esprima-4.0.1.tgz",
      "integrity": "sha512-eGuFFw7Upda+g4p+QHvnW0RyTX/SVeJBDM/gCtMARO0cLuT2HcEKnTPvhjV6aGeqrCB/sbNop0Kszm0jsaWU4A=="
    },
    "eventemitter3": {
      "version": "3.1.2",
      "resolved": "https://registry.npmjs.org/eventemitter3/-/eventemitter3-3.1.2.tgz",
      "integrity": "sha512-tvtQIeLVHjDkJYnzf2dgVMxfuSGJeM/7UCG17TT4EumTfNtF+0nebF/4zWOIkCreAbtNqhGEboB6BWrwqNaw4Q=="
    },
    "events": {
      "version": "1.1.1",
      "resolved": "https://registry.npmjs.org/events/-/events-1.1.1.tgz",
      "integrity": "sha1-nr23Y1rQmccNzEwqH1AEKI6L2SQ="
    },
    "follow-redirects": {
      "version": "1.5.10",
      "resolved": "https://registry.npmjs.org/follow-redirects/-/follow-redirects-1.5.10.tgz",
      "integrity": "sha512-0V5l4Cizzvqt5D44aTXbFZz+FtyXV1vrDN6qrelxtfYQKW0KO0W2T/hkE8xvGa/540LkZlkaUjO4ailYTFtHVQ==",
      "requires": {
        "debug": "=3.1.0"
      },
      "dependencies": {
        "debug": {
          "version": "3.1.0",
          "resolved": "https://registry.npmjs.org/debug/-/debug-3.1.0.tgz",
          "integrity": "sha512-OX8XqP7/1a9cqkxYw2yXss15f26NKWBpDXQd0/uK/KPqdQhxbPa994hnzjcE2VqQpDslf55723cKPUOGSmMY3g==",
          "requires": {
            "ms": "2.0.0"
          }
        }
      }
    },
    "foreach": {
      "version": "2.0.5",
      "resolved": "https://registry.npmjs.org/foreach/-/foreach-2.0.5.tgz",
      "integrity": "sha1-C+4AUBiusmDQo6865ljdATbsG5k="
    },
    "form-data": {
      "version": "2.5.1",
      "resolved": "https://registry.npmjs.org/form-data/-/form-data-2.5.1.tgz",
      "integrity": "sha512-m21N3WOmEEURgk6B9GLOE4RuWOFf28Lhh9qGYeNlGq4VDXUlJy2th2slBNU8Gp8EzloYZOibZJ7t5ecIrFSjVA==",
      "requires": {
        "asynckit": "^0.4.0",
        "combined-stream": "^1.0.6",
        "mime-types": "^2.1.12"
      }
    },
    "global": {
      "version": "4.4.0",
      "resolved": "https://registry.npmjs.org/global/-/global-4.4.0.tgz",
      "integrity": "sha512-wv/LAoHdRE3BeTGz53FAamhGlPLhlssK45usmGFThIi4XqnBmjKQ16u+RNbP7WvigRZDxUsM0J3gcQ5yicaL0w==",
      "requires": {
        "min-document": "^2.19.0",
        "process": "^0.11.10"
      }
    },
    "inherits": {
      "version": "2.0.4",
      "resolved": "https://registry.npmjs.org/inherits/-/inherits-2.0.4.tgz",
      "integrity": "sha512-k/vGaX4/Yla3WzyMCvTQOXYeIHvqOKtnqBduzTHpzpQZzAskKMhZ2K+EnBiSM9zGSoIFeMpXKxa4dYeZIQqewQ=="
    },
    "is-buffer": {
      "version": "2.0.4",
      "resolved": "https://registry.npmjs.org/is-buffer/-/is-buffer-2.0.4.tgz",
      "integrity": "sha512-Kq1rokWXOPXWuaMAqZiJW4XxsmD9zGx9q4aePabbn3qCRGedtH7Cm+zV8WETitMfu1wdh+Rvd6w5egwSngUX2A=="
    },
    "is-stream": {
      "version": "1.1.0",
      "resolved": "https://registry.npmjs.org/is-stream/-/is-stream-1.1.0.tgz",
      "integrity": "sha1-EtSj3U5o4Lec6428hBc66A2RykQ="
    },
    "isarray": {
      "version": "2.0.5",
      "resolved": "https://registry.npmjs.org/isarray/-/isarray-2.0.5.tgz",
      "integrity": "sha512-xHjhDr3cNBK0BzdUJSPXZntQUx/mwMS5Rw4A7lPJ90XGAO6ISP/ePDNuo0vhqOZU+UD5JoodwCAAoZQd3FeAKw=="
    },
    "load-script": {
      "version": "1.0.0",
      "resolved": "https://registry.npmjs.org/load-script/-/load-script-1.0.0.tgz",
      "integrity": "sha1-BJGTngvuVkPuSUp+PaPSuscMbKQ="
    },
    "mime-db": {
      "version": "1.43.0",
      "resolved": "https://registry.npmjs.org/mime-db/-/mime-db-1.43.0.tgz",
      "integrity": "sha512-+5dsGEEovYbT8UY9yD7eE4XTc4UwJ1jBYlgaQQF38ENsKR3wj/8q8RFZrF9WIZpB2V1ArTVFUva8sAul1NzRzQ=="
    },
    "mime-types": {
      "version": "2.1.26",
      "resolved": "https://registry.npmjs.org/mime-types/-/mime-types-2.1.26.tgz",
      "integrity": "sha512-01paPWYgLrkqAyrlDorC1uDwl2p3qZT7yl806vW7DvDoxwXi46jsjFbg+WdwotBIk6/MbEhO/dh5aZ5sNj/dWQ==",
      "requires": {
        "mime-db": "1.43.0"
      }
    },
    "min-document": {
      "version": "2.19.0",
      "resolved": "https://registry.npmjs.org/min-document/-/min-document-2.19.0.tgz",
      "integrity": "sha1-e9KC4/WELtKVu3SM3Z8f+iyCRoU=",
      "requires": {
        "dom-walk": "^0.1.0"
      }
    },
    "ms": {
      "version": "2.0.0",
      "resolved": "https://registry.npmjs.org/ms/-/ms-2.0.0.tgz",
      "integrity": "sha1-VgiurfwAvmwpAd9fmGF4jeDVl8g="
    },
    "object-keys": {
      "version": "1.1.1",
      "resolved": "https://registry.npmjs.org/object-keys/-/object-keys-1.1.1.tgz",
      "integrity": "sha512-NuAESUOUMrlIXOfHKzD6bpPu3tYt3xvjNdRIQ+FeT0lNb4K8WR70CaDxhuNguS2XG+GjkyMwOzsN5ZktImfhLA=="
    },
    "p-queue": {
      "version": "2.4.2",
      "resolved": "https://registry.npmjs.org/p-queue/-/p-queue-2.4.2.tgz",
      "integrity": "sha512-n8/y+yDJwBjoLQe1GSJbbaYQLTI7QHNZI2+rpmCDbe++WLf9HC3gf6iqj5yfPAV71W4UF3ql5W1+UBPXoXTxng=="
    },
    "p-retry": {
      "version": "4.2.0",
      "resolved": "https://registry.npmjs.org/p-retry/-/p-retry-4.2.0.tgz",
      "integrity": "sha512-jPH38/MRh263KKcq0wBNOGFJbm+U6784RilTmHjB/HM9kH9V8WlCpVUcdOmip9cjXOh6MxZ5yk1z2SjDUJfWmA==",
      "requires": {
        "@types/retry": "^0.12.0",
        "retry": "^0.12.0"
      }
    },
    "process": {
      "version": "0.11.10",
      "resolved": "https://registry.npmjs.org/process/-/process-0.11.10.tgz",
      "integrity": "sha1-czIwDoQBYb2j5podHZGn1LwW8YI="
    },
    "qs": {
      "version": "6.9.1",
      "resolved": "https://registry.npmjs.org/qs/-/qs-6.9.1.tgz",
      "integrity": "sha512-Cxm7/SS/y/Z3MHWSxXb8lIFqgqBowP5JMlTUFyJN88y0SGQhVmZnqFK/PeuMX9LzUyWsqqhNxIyg0jlzq946yA==",
      "dev": true
    },
    "querystring-es3": {
      "version": "0.2.1",
      "resolved": "https://registry.npmjs.org/querystring-es3/-/querystring-es3-0.2.1.tgz",
      "integrity": "sha1-nsYfeQSYdXB9aUFFlv2Qek1xHnM="
    },
    "reduce": {
      "version": "1.0.2",
      "resolved": "https://registry.npmjs.org/reduce/-/reduce-1.0.2.tgz",
      "integrity": "sha512-xX7Fxke/oHO5IfZSk77lvPa/7bjMh9BuCk4OOoX5XTXrM7s0Z+MkPfSDfz0q7r91BhhGSs8gii/VEN/7zhCPpQ==",
      "requires": {
        "object-keys": "^1.1.0"
      }
    },
    "retry": {
      "version": "0.12.0",
      "resolved": "https://registry.npmjs.org/retry/-/retry-0.12.0.tgz",
      "integrity": "sha1-G0KmJmoh8HQh0bC1S33BZ7AcATs="
    },
    "safe-buffer": {
      "version": "5.2.0",
      "resolved": "https://registry.npmjs.org/safe-buffer/-/safe-buffer-5.2.0.tgz",
      "integrity": "sha512-fZEwUGbVl7kouZs1jCdMLdt95hdIv0ZeHg6L7qPeciMZhZ+/gdesW4wgTARkrFWEpspjEATAzUGPG8N2jJiwbg=="
    },
    "semver": {
      "version": "5.7.1",
      "resolved": "https://registry.npmjs.org/semver/-/semver-5.7.1.tgz",
      "integrity": "sha512-sauaDf/PZdVgrLTNYHRtpXa1iRiKcaebiKQ1BJdpQlWH2lCvexQdX55snPFyK7QzpudqbCI0qXFfOasHdyNDGQ=="
    },
    "through": {
      "version": "2.3.8",
      "resolved": "https://registry.npmjs.org/through/-/through-2.3.8.tgz",
      "integrity": "sha1-DdTJ/6q8NXlgsbckEV1+Doai4fU="
    },
    "tunnel-agent": {
      "version": "0.6.0",
      "resolved": "https://registry.npmjs.org/tunnel-agent/-/tunnel-agent-0.6.0.tgz",
      "integrity": "sha1-J6XeoGs2sEoKmWZ3SykIaPD8QP0=",
      "requires": {
        "safe-buffer": "^5.0.1"
      }
    },
    "typescript": {
      "version": "3.7.5",
      "resolved": "https://registry.npmjs.org/typescript/-/typescript-3.7.5.tgz",
      "integrity": "sha512-/P5lkRXkWHNAbcJIiHPfRoKqyd7bsyCma1hZNUGfn20qm64T6ZBlrzprymeu918H+mB/0rIg2gGK/BXkhhYgBw==",
      "dev": true
    }
  }
}
